// !$*UTF8*$!
{
	archiveVersion = 1;
	classes = {
	};
	objectVersion = 50;
	objects = {

/* Begin PBXBuildFile section */
		4F1D808A23F1AA990035B9DE /* Transform.swift in Sources */ = {isa = PBXBuildFile; fileRef = 4F1D808923F1AA990035B9DE /* Transform.swift */; };
		4F1D808C23F1AE6F0035B9DE /* DataGenerator.swift in Sources */ = {isa = PBXBuildFile; fileRef = 4F1D808B23F1AE6F0035B9DE /* DataGenerator.swift */; };
		4F1D808E23F1B2A10035B9DE /* Evolv.swift in Sources */ = {isa = PBXBuildFile; fileRef = 4F1D808D23F1B2A10035B9DE /* Evolv.swift */; };
		4F60303823EDB52400E10D3E /* VisualView.swift in Sources */ = {isa = PBXBuildFile; fileRef = 4F60303723EDB52400E10D3E /* VisualView.swift */; };
		4FC0063B23EEC1340043575E /* SDense.swift in Sources */ = {isa = PBXBuildFile; fileRef = 4FC0063A23EEC1340043575E /* SDense.swift */; };
		4FC0063D23EEC1400043575E /* SSequential.swift in Sources */ = {isa = PBXBuildFile; fileRef = 4FC0063C23EEC1400043575E /* SSequential.swift */; };
		4FDB9DC923EB202900FC717D /* AppDelegate.swift in Sources */ = {isa = PBXBuildFile; fileRef = 4FDB9DC823EB202900FC717D /* AppDelegate.swift */; };
		4FDB9DCB23EB202900FC717D /* SceneDelegate.swift in Sources */ = {isa = PBXBuildFile; fileRef = 4FDB9DCA23EB202900FC717D /* SceneDelegate.swift */; };
		4FDB9DCD23EB202900FC717D /* ViewController.swift in Sources */ = {isa = PBXBuildFile; fileRef = 4FDB9DCC23EB202900FC717D /* ViewController.swift */; };
		4FDB9DD023EB202900FC717D /* Main.storyboard in Resources */ = {isa = PBXBuildFile; fileRef = 4FDB9DCE23EB202900FC717D /* Main.storyboard */; };
		4FDB9DD223EB202F00FC717D /* Assets.xcassets in Resources */ = {isa = PBXBuildFile; fileRef = 4FDB9DD123EB202F00FC717D /* Assets.xcassets */; };
		4FDB9DD523EB202F00FC717D /* LaunchScreen.storyboard in Resources */ = {isa = PBXBuildFile; fileRef = 4FDB9DD323EB202F00FC717D /* LaunchScreen.storyboard */; };
		4FDB9DDE23EB206500FC717D /* ImageGenerator.swift in Sources */ = {isa = PBXBuildFile; fileRef = 4FDB9DDD23EB206500FC717D /* ImageGenerator.swift */; };
		4FE7F45B23EDA139000ABB13 /* d2.swift in Sources */ = {isa = PBXBuildFile; fileRef = 4FE7F42023EDA139000ABB13 /* d2.swift */; };
		4FE7F45C23EDA139000ABB13 /* svm.swift in Sources */ = {isa = PBXBuildFile; fileRef = 4FE7F42123EDA139000ABB13 /* svm.swift */; };
		4FE7F45D23EDA139000ABB13 /* Loss.swift in Sources */ = {isa = PBXBuildFile; fileRef = 4FE7F42223EDA139000ABB13 /* Loss.swift */; };
		4FE7F45E23EDA139000ABB13 /* step_m.metal in Sources */ = {isa = PBXBuildFile; fileRef = 4FE7F42423EDA139000ABB13 /* step_m.metal */; };
		4FE7F45F23EDA139000ABB13 /* Step+Metal.swift in Sources */ = {isa = PBXBuildFile; fileRef = 4FE7F42523EDA139000ABB13 /* Step+Metal.swift */; };
		4FE7F46023EDA139000ABB13 /* metal_utils.metal in Sources */ = {isa = PBXBuildFile; fileRef = 4FE7F42923EDA139000ABB13 /* metal_utils.metal */; };
		4FE7F46123EDA139000ABB13 /* Core.swift in Sources */ = {isa = PBXBuildFile; fileRef = 4FE7F42A23EDA139000ABB13 /* Core.swift */; };
		4FE7F46223EDA139000ABB13 /* DatasetReader.swift in Sources */ = {isa = PBXBuildFile; fileRef = 4FE7F42D23EDA139000ABB13 /* DatasetReader.swift */; };
		4FE7F46323EDA139000ABB13 /* MNISTReader.swift in Sources */ = {isa = PBXBuildFile; fileRef = 4FE7F42E23EDA139000ABB13 /* MNISTReader.swift */; };
		4FE7F46423EDA139000ABB13 /* Cifar10Reader.swift in Sources */ = {isa = PBXBuildFile; fileRef = 4FE7F42F23EDA139000ABB13 /* Cifar10Reader.swift */; };
		4FE7F46523EDA139000ABB13 /* ImageReader.swift in Sources */ = {isa = PBXBuildFile; fileRef = 4FE7F43123EDA139000ABB13 /* ImageReader.swift */; };
		4FE7F46623EDA139000ABB13 /* ModelStorage.swift in Sources */ = {isa = PBXBuildFile; fileRef = 4FE7F43323EDA139000ABB13 /* ModelStorage.swift */; };
		4FE7F46723EDA139000ABB13 /* Storagable.swift in Sources */ = {isa = PBXBuildFile; fileRef = 4FE7F43423EDA139000ABB13 /* Storagable.swift */; };
		4FE7F46823EDA139000ABB13 /* ThreadPool.swift in Sources */ = {isa = PBXBuildFile; fileRef = 4FE7F43623EDA139000ABB13 /* ThreadPool.swift */; };
		4FE7F46923EDA139000ABB13 /* AutoRunner.swift in Sources */ = {isa = PBXBuildFile; fileRef = 4FE7F43723EDA139000ABB13 /* AutoRunner.swift */; };
		4FE7F46A23EDA139000ABB13 /* NNArray.swift in Sources */ = {isa = PBXBuildFile; fileRef = 4FE7F43923EDA139000ABB13 /* NNArray.swift */; };
		4FE7F46B23EDA139000ABB13 /* NormalRandom.swift in Sources */ = {isa = PBXBuildFile; fileRef = 4FE7F43A23EDA139000ABB13 /* NormalRandom.swift */; };
		4FE7F46C23EDA139000ABB13 /* LLVector.swift in Sources */ = {isa = PBXBuildFile; fileRef = 4FE7F43B23EDA139000ABB13 /* LLVector.swift */; };
		4FE7F46D23EDA139000ABB13 /* Forwardable.swift in Sources */ = {isa = PBXBuildFile; fileRef = 4FE7F43D23EDA139000ABB13 /* Forwardable.swift */; };
		4FE7F46E23EDA139000ABB13 /* BaseContainer.swift in Sources */ = {isa = PBXBuildFile; fileRef = 4FE7F43F23EDA139000ABB13 /* BaseContainer.swift */; };
		4FE7F46F23EDA139000ABB13 /* Sequential.swift in Sources */ = {isa = PBXBuildFile; fileRef = 4FE7F44023EDA139000ABB13 /* Sequential.swift */; };
		4FE7F47023EDA139000ABB13 /* Container.swift in Sources */ = {isa = PBXBuildFile; fileRef = 4FE7F44123EDA139000ABB13 /* Container.swift */; };
		4FE7F47123EDA139000ABB13 /* dense_m.metal in Sources */ = {isa = PBXBuildFile; fileRef = 4FE7F44423EDA139000ABB13 /* dense_m.metal */; };
		4FE7F47223EDA139000ABB13 /* Dense.swift in Sources */ = {isa = PBXBuildFile; fileRef = 4FE7F44523EDA139000ABB13 /* Dense.swift */; };
		4FE7F47323EDA139000ABB13 /* Dense+Metal.swift in Sources */ = {isa = PBXBuildFile; fileRef = 4FE7F44623EDA139000ABB13 /* Dense+Metal.swift */; };
		4FE7F47423EDA139000ABB13 /* BaseLayer.swift in Sources */ = {isa = PBXBuildFile; fileRef = 4FE7F44723EDA139000ABB13 /* BaseLayer.swift */; };
		4FE7F47523EDA139000ABB13 /* Conv.swift in Sources */ = {isa = PBXBuildFile; fileRef = 4FE7F44923EDA139000ABB13 /* Conv.swift */; };
		4FE7F47623EDA139000ABB13 /* Conv+Metal.swift in Sources */ = {isa = PBXBuildFile; fileRef = 4FE7F44A23EDA139000ABB13 /* Conv+Metal.swift */; };
		4FE7F47723EDA139000ABB13 /* conv_m.metal in Sources */ = {isa = PBXBuildFile; fileRef = 4FE7F44B23EDA139000ABB13 /* conv_m.metal */; };
		4FE7F47823EDA139000ABB13 /* relu_m.metal in Sources */ = {isa = PBXBuildFile; fileRef = 4FE7F44D23EDA139000ABB13 /* relu_m.metal */; };
		4FE7F47923EDA139000ABB13 /* ReLU+Metal.swift in Sources */ = {isa = PBXBuildFile; fileRef = 4FE7F44E23EDA139000ABB13 /* ReLU+Metal.swift */; };
		4FE7F47A23EDA139000ABB13 /* ReLU.swift in Sources */ = {isa = PBXBuildFile; fileRef = 4FE7F44F23EDA139000ABB13 /* ReLU.swift */; };
		4FE7F47B23EDA139000ABB13 /* maxpool_m.metal in Sources */ = {isa = PBXBuildFile; fileRef = 4FE7F45223EDA139000ABB13 /* maxpool_m.metal */; };
		4FE7F47C23EDA139000ABB13 /* MaxPool.swift in Sources */ = {isa = PBXBuildFile; fileRef = 4FE7F45323EDA139000ABB13 /* MaxPool.swift */; };
		4FE7F47D23EDA139000ABB13 /* MaxPool+Metal.swift in Sources */ = {isa = PBXBuildFile; fileRef = 4FE7F45423EDA139000ABB13 /* MaxPool+Metal.swift */; };
		4FE7F47E23EDA139000ABB13 /* BasePool.swift in Sources */ = {isa = PBXBuildFile; fileRef = 4FE7F45523EDA139000ABB13 /* BasePool.swift */; };
		4FE7F47F23EDA139000ABB13 /* AveragePool.swift in Sources */ = {isa = PBXBuildFile; fileRef = 4FE7F45723EDA139000ABB13 /* AveragePool.swift */; };
		4FE7F48023EDA139000ABB13 /* AveragePool+Metal.swift in Sources */ = {isa = PBXBuildFile; fileRef = 4FE7F45823EDA139000ABB13 /* AveragePool+Metal.swift */; };
		4FE7F48123EDA139000ABB13 /* averagepool_m.metal in Sources */ = {isa = PBXBuildFile; fileRef = 4FE7F45923EDA139000ABB13 /* averagepool_m.metal */; };
		4FE7F48223EDA139000ABB13 /* Layer.swift in Sources */ = {isa = PBXBuildFile; fileRef = 4FE7F45A23EDA139000ABB13 /* Layer.swift */; };
/* End PBXBuildFile section */

/* Begin PBXFileReference section */
		4F1D808923F1AA990035B9DE /* Transform.swift */ = {isa = PBXFileReference; lastKnownFileType = sourcecode.swift; path = Transform.swift; sourceTree = "<group>"; };
		4F1D808B23F1AE6F0035B9DE /* DataGenerator.swift */ = {isa = PBXFileReference; lastKnownFileType = sourcecode.swift; path = DataGenerator.swift; sourceTree = "<group>"; };
		4F1D808D23F1B2A10035B9DE /* Evolv.swift */ = {isa = PBXFileReference; lastKnownFileType = sourcecode.swift; path = Evolv.swift; sourceTree = "<group>"; };
		4F60303723EDB52400E10D3E /* VisualView.swift */ = {isa = PBXFileReference; lastKnownFileType = sourcecode.swift; path = VisualView.swift; sourceTree = "<group>"; };
		4FC0063A23EEC1340043575E /* SDense.swift */ = {isa = PBXFileReference; lastKnownFileType = sourcecode.swift; path = SDense.swift; sourceTree = "<group>"; };
		4FC0063C23EEC1400043575E /* SSequential.swift */ = {isa = PBXFileReference; lastKnownFileType = sourcecode.swift; path = SSequential.swift; sourceTree = "<group>"; };
		4FDB9DC523EB202900FC717D /* nn-playground.app */ = {isa = PBXFileReference; explicitFileType = wrapper.application; includeInIndex = 0; path = "nn-playground.app"; sourceTree = BUILT_PRODUCTS_DIR; };
		4FDB9DC823EB202900FC717D /* AppDelegate.swift */ = {isa = PBXFileReference; lastKnownFileType = sourcecode.swift; path = AppDelegate.swift; sourceTree = "<group>"; };
		4FDB9DCA23EB202900FC717D /* SceneDelegate.swift */ = {isa = PBXFileReference; lastKnownFileType = sourcecode.swift; path = SceneDelegate.swift; sourceTree = "<group>"; };
		4FDB9DCC23EB202900FC717D /* ViewController.swift */ = {isa = PBXFileReference; lastKnownFileType = sourcecode.swift; path = ViewController.swift; sourceTree = "<group>"; };
		4FDB9DCF23EB202900FC717D /* Base */ = {isa = PBXFileReference; lastKnownFileType = file.storyboard; name = Base; path = Base.lproj/Main.storyboard; sourceTree = "<group>"; };
		4FDB9DD123EB202F00FC717D /* Assets.xcassets */ = {isa = PBXFileReference; lastKnownFileType = folder.assetcatalog; path = Assets.xcassets; sourceTree = "<group>"; };
		4FDB9DD423EB202F00FC717D /* Base */ = {isa = PBXFileReference; lastKnownFileType = file.storyboard; name = Base; path = Base.lproj/LaunchScreen.storyboard; sourceTree = "<group>"; };
		4FDB9DD623EB202F00FC717D /* Info.plist */ = {isa = PBXFileReference; lastKnownFileType = text.plist.xml; path = Info.plist; sourceTree = "<group>"; };
		4FDB9DDD23EB206500FC717D /* ImageGenerator.swift */ = {isa = PBXFileReference; lastKnownFileType = sourcecode.swift; path = ImageGenerator.swift; sourceTree = "<group>"; };
		4FE7F42023EDA139000ABB13 /* d2.swift */ = {isa = PBXFileReference; fileEncoding = 4; lastKnownFileType = sourcecode.swift; path = d2.swift; sourceTree = "<group>"; };
		4FE7F42123EDA139000ABB13 /* svm.swift */ = {isa = PBXFileReference; fileEncoding = 4; lastKnownFileType = sourcecode.swift; path = svm.swift; sourceTree = "<group>"; };
		4FE7F42223EDA139000ABB13 /* Loss.swift */ = {isa = PBXFileReference; fileEncoding = 4; lastKnownFileType = sourcecode.swift; path = Loss.swift; sourceTree = "<group>"; };
		4FE7F42423EDA139000ABB13 /* step_m.metal */ = {isa = PBXFileReference; fileEncoding = 4; lastKnownFileType = sourcecode.metal; path = step_m.metal; sourceTree = "<group>"; };
		4FE7F42523EDA139000ABB13 /* Step+Metal.swift */ = {isa = PBXFileReference; fileEncoding = 4; lastKnownFileType = sourcecode.swift; path = "Step+Metal.swift"; sourceTree = "<group>"; };
		4FE7F42823EDA139000ABB13 /* metal_utils.h */ = {isa = PBXFileReference; fileEncoding = 4; lastKnownFileType = sourcecode.c.h; path = metal_utils.h; sourceTree = "<group>"; };
		4FE7F42923EDA139000ABB13 /* metal_utils.metal */ = {isa = PBXFileReference; fileEncoding = 4; lastKnownFileType = sourcecode.metal; path = metal_utils.metal; sourceTree = "<group>"; };
		4FE7F42A23EDA139000ABB13 /* Core.swift */ = {isa = PBXFileReference; fileEncoding = 4; lastKnownFileType = sourcecode.swift; path = Core.swift; sourceTree = "<group>"; };
		4FE7F42D23EDA139000ABB13 /* DatasetReader.swift */ = {isa = PBXFileReference; fileEncoding = 4; lastKnownFileType = sourcecode.swift; path = DatasetReader.swift; sourceTree = "<group>"; };
		4FE7F42E23EDA139000ABB13 /* MNISTReader.swift */ = {isa = PBXFileReference; fileEncoding = 4; lastKnownFileType = sourcecode.swift; path = MNISTReader.swift; sourceTree = "<group>"; };
		4FE7F42F23EDA139000ABB13 /* Cifar10Reader.swift */ = {isa = PBXFileReference; fileEncoding = 4; lastKnownFileType = sourcecode.swift; path = Cifar10Reader.swift; sourceTree = "<group>"; };
		4FE7F43123EDA139000ABB13 /* ImageReader.swift */ = {isa = PBXFileReference; fileEncoding = 4; lastKnownFileType = sourcecode.swift; path = ImageReader.swift; sourceTree = "<group>"; };
		4FE7F43323EDA139000ABB13 /* ModelStorage.swift */ = {isa = PBXFileReference; fileEncoding = 4; lastKnownFileType = sourcecode.swift; path = ModelStorage.swift; sourceTree = "<group>"; };
		4FE7F43423EDA139000ABB13 /* Storagable.swift */ = {isa = PBXFileReference; fileEncoding = 4; lastKnownFileType = sourcecode.swift; path = Storagable.swift; sourceTree = "<group>"; };
		4FE7F43623EDA139000ABB13 /* ThreadPool.swift */ = {isa = PBXFileReference; fileEncoding = 4; lastKnownFileType = sourcecode.swift; path = ThreadPool.swift; sourceTree = "<group>"; };
		4FE7F43723EDA139000ABB13 /* AutoRunner.swift */ = {isa = PBXFileReference; fileEncoding = 4; lastKnownFileType = sourcecode.swift; path = AutoRunner.swift; sourceTree = "<group>"; };
		4FE7F43923EDA139000ABB13 /* NNArray.swift */ = {isa = PBXFileReference; fileEncoding = 4; lastKnownFileType = sourcecode.swift; path = NNArray.swift; sourceTree = "<group>"; };
		4FE7F43A23EDA139000ABB13 /* NormalRandom.swift */ = {isa = PBXFileReference; fileEncoding = 4; lastKnownFileType = sourcecode.swift; path = NormalRandom.swift; sourceTree = "<group>"; };
		4FE7F43B23EDA139000ABB13 /* LLVector.swift */ = {isa = PBXFileReference; fileEncoding = 4; lastKnownFileType = sourcecode.swift; path = LLVector.swift; sourceTree = "<group>"; };
		4FE7F43D23EDA139000ABB13 /* Forwardable.swift */ = {isa = PBXFileReference; fileEncoding = 4; lastKnownFileType = sourcecode.swift; path = Forwardable.swift; sourceTree = "<group>"; };
		4FE7F43F23EDA139000ABB13 /* BaseContainer.swift */ = {isa = PBXFileReference; fileEncoding = 4; lastKnownFileType = sourcecode.swift; path = BaseContainer.swift; sourceTree = "<group>"; };
		4FE7F44023EDA139000ABB13 /* Sequential.swift */ = {isa = PBXFileReference; fileEncoding = 4; lastKnownFileType = sourcecode.swift; path = Sequential.swift; sourceTree = "<group>"; };
		4FE7F44123EDA139000ABB13 /* Container.swift */ = {isa = PBXFileReference; fileEncoding = 4; lastKnownFileType = sourcecode.swift; path = Container.swift; sourceTree = "<group>"; };
		4FE7F44423EDA139000ABB13 /* dense_m.metal */ = {isa = PBXFileReference; fileEncoding = 4; lastKnownFileType = sourcecode.metal; path = dense_m.metal; sourceTree = "<group>"; };
		4FE7F44523EDA139000ABB13 /* Dense.swift */ = {isa = PBXFileReference; fileEncoding = 4; lastKnownFileType = sourcecode.swift; path = Dense.swift; sourceTree = "<group>"; };
		4FE7F44623EDA139000ABB13 /* Dense+Metal.swift */ = {isa = PBXFileReference; fileEncoding = 4; lastKnownFileType = sourcecode.swift; path = "Dense+Metal.swift"; sourceTree = "<group>"; };
		4FE7F44723EDA139000ABB13 /* BaseLayer.swift */ = {isa = PBXFileReference; fileEncoding = 4; lastKnownFileType = sourcecode.swift; path = BaseLayer.swift; sourceTree = "<group>"; };
		4FE7F44923EDA139000ABB13 /* Conv.swift */ = {isa = PBXFileReference; fileEncoding = 4; lastKnownFileType = sourcecode.swift; path = Conv.swift; sourceTree = "<group>"; };
		4FE7F44A23EDA139000ABB13 /* Conv+Metal.swift */ = {isa = PBXFileReference; fileEncoding = 4; lastKnownFileType = sourcecode.swift; path = "Conv+Metal.swift"; sourceTree = "<group>"; };
		4FE7F44B23EDA139000ABB13 /* conv_m.metal */ = {isa = PBXFileReference; fileEncoding = 4; lastKnownFileType = sourcecode.metal; path = conv_m.metal; sourceTree = "<group>"; };
		4FE7F44D23EDA139000ABB13 /* relu_m.metal */ = {isa = PBXFileReference; fileEncoding = 4; lastKnownFileType = sourcecode.metal; path = relu_m.metal; sourceTree = "<group>"; };
		4FE7F44E23EDA139000ABB13 /* ReLU+Metal.swift */ = {isa = PBXFileReference; fileEncoding = 4; lastKnownFileType = sourcecode.swift; path = "ReLU+Metal.swift"; sourceTree = "<group>"; };
		4FE7F44F23EDA139000ABB13 /* ReLU.swift */ = {isa = PBXFileReference; fileEncoding = 4; lastKnownFileType = sourcecode.swift; path = ReLU.swift; sourceTree = "<group>"; };
		4FE7F45223EDA139000ABB13 /* maxpool_m.metal */ = {isa = PBXFileReference; fileEncoding = 4; lastKnownFileType = sourcecode.metal; path = maxpool_m.metal; sourceTree = "<group>"; };
		4FE7F45323EDA139000ABB13 /* MaxPool.swift */ = {isa = PBXFileReference; fileEncoding = 4; lastKnownFileType = sourcecode.swift; path = MaxPool.swift; sourceTree = "<group>"; };
		4FE7F45423EDA139000ABB13 /* MaxPool+Metal.swift */ = {isa = PBXFileReference; fileEncoding = 4; lastKnownFileType = sourcecode.swift; path = "MaxPool+Metal.swift"; sourceTree = "<group>"; };
		4FE7F45523EDA139000ABB13 /* BasePool.swift */ = {isa = PBXFileReference; fileEncoding = 4; lastKnownFileType = sourcecode.swift; path = BasePool.swift; sourceTree = "<group>"; };
		4FE7F45723EDA139000ABB13 /* AveragePool.swift */ = {isa = PBXFileReference; fileEncoding = 4; lastKnownFileType = sourcecode.swift; path = AveragePool.swift; sourceTree = "<group>"; };
		4FE7F45823EDA139000ABB13 /* AveragePool+Metal.swift */ = {isa = PBXFileReference; fileEncoding = 4; lastKnownFileType = sourcecode.swift; path = "AveragePool+Metal.swift"; sourceTree = "<group>"; };
		4FE7F45923EDA139000ABB13 /* averagepool_m.metal */ = {isa = PBXFileReference; fileEncoding = 4; lastKnownFileType = sourcecode.metal; path = averagepool_m.metal; sourceTree = "<group>"; };
		4FE7F45A23EDA139000ABB13 /* Layer.swift */ = {isa = PBXFileReference; fileEncoding = 4; lastKnownFileType = sourcecode.swift; path = Layer.swift; sourceTree = "<group>"; };
/* End PBXFileReference section */

/* Begin PBXFrameworksBuildPhase section */
		4FDB9DC223EB202900FC717D /* Frameworks */ = {
			isa = PBXFrameworksBuildPhase;
			buildActionMask = 2147483647;
			files = (
			);
			runOnlyForDeploymentPostprocessing = 0;
		};
/* End PBXFrameworksBuildPhase section */

/* Begin PBXGroup section */
		4FC0063923EEC1170043575E /* nn-simple */ = {
			isa = PBXGroup;
			children = (
				4FC0063A23EEC1340043575E /* SDense.swift */,
				4FC0063C23EEC1400043575E /* SSequential.swift */,
				4F1D808D23F1B2A10035B9DE /* Evolv.swift */,
			);
			path = "nn-simple";
			sourceTree = "<group>";
		};
		4FDB9DBC23EB202800FC717D = {
			isa = PBXGroup;
			children = (
				4FDB9DC723EB202900FC717D /* nn-playground */,
				4FDB9DC623EB202900FC717D /* Products */,
			);
			sourceTree = "<group>";
		};
		4FDB9DC623EB202900FC717D /* Products */ = {
			isa = PBXGroup;
			children = (
				4FDB9DC523EB202900FC717D /* nn-playground.app */,
			);
			name = Products;
			sourceTree = "<group>";
		};
		4FDB9DC723EB202900FC717D /* nn-playground */ = {
			isa = PBXGroup;
			children = (
				4FC0063923EEC1170043575E /* nn-simple */,
				4FE7F41D23EDA139000ABB13 /* nn */,
				4FDB9DDC23EB203E00FC717D /* utils */,
				4FDB9DC823EB202900FC717D /* AppDelegate.swift */,
				4FDB9DCA23EB202900FC717D /* SceneDelegate.swift */,
				4FDB9DCC23EB202900FC717D /* ViewController.swift */,
				4F60303723EDB52400E10D3E /* VisualView.swift */,
				4FDB9DCE23EB202900FC717D /* Main.storyboard */,
				4FDB9DD123EB202F00FC717D /* Assets.xcassets */,
				4FDB9DD323EB202F00FC717D /* LaunchScreen.storyboard */,
				4FDB9DD623EB202F00FC717D /* Info.plist */,
			);
			path = "nn-playground";
			sourceTree = "<group>";
		};
		4FDB9DDC23EB203E00FC717D /* utils */ = {
			isa = PBXGroup;
			children = (
				4FDB9DDD23EB206500FC717D /* ImageGenerator.swift */,
				4F1D808B23F1AE6F0035B9DE /* DataGenerator.swift */,
				4F1D808923F1AA990035B9DE /* Transform.swift */,
			);
			path = utils;
			sourceTree = "<group>";
		};
		4FE7F41D23EDA139000ABB13 /* nn */ = {
			isa = PBXGroup;
			children = (
				4FE7F41E23EDA139000ABB13 /* loss */,
				4FE7F42623EDA139000ABB13 /* utils */,
				4FE7F43C23EDA139000ABB13 /* forwardable */,
			);
			path = nn;
			sourceTree = "<group>";
		};
		4FE7F41E23EDA139000ABB13 /* loss */ = {
			isa = PBXGroup;
			children = (
				4FE7F41F23EDA139000ABB13 /* Loss */,
				4FE7F42323EDA139000ABB13 /* Step */,
			);
			path = loss;
			sourceTree = "<group>";
		};
		4FE7F41F23EDA139000ABB13 /* Loss */ = {
			isa = PBXGroup;
			children = (
				4FE7F42023EDA139000ABB13 /* d2.swift */,
				4FE7F42123EDA139000ABB13 /* svm.swift */,
				4FE7F42223EDA139000ABB13 /* Loss.swift */,
			);
			path = Loss;
			sourceTree = "<group>";
		};
		4FE7F42323EDA139000ABB13 /* Step */ = {
			isa = PBXGroup;
			children = (
				4FE7F42423EDA139000ABB13 /* step_m.metal */,
				4FE7F42523EDA139000ABB13 /* Step+Metal.swift */,
			);
			path = Step;
			sourceTree = "<group>";
		};
		4FE7F42623EDA139000ABB13 /* utils */ = {
			isa = PBXGroup;
			children = (
				4FE7F42723EDA139000ABB13 /* Metal */,
				4FE7F42B23EDA139000ABB13 /* IO */,
				4FE7F43823EDA139000ABB13 /* Data Struct */,
			);
			path = utils;
			sourceTree = "<group>";
		};
		4FE7F42723EDA139000ABB13 /* Metal */ = {
			isa = PBXGroup;
			children = (
				4FE7F42823EDA139000ABB13 /* metal_utils.h */,
				4FE7F42923EDA139000ABB13 /* metal_utils.metal */,
				4FE7F42A23EDA139000ABB13 /* Core.swift */,
			);
			path = Metal;
			sourceTree = "<group>";
		};
		4FE7F42B23EDA139000ABB13 /* IO */ = {
			isa = PBXGroup;
			children = (
				4FE7F42C23EDA139000ABB13 /* Dataset */,
				4FE7F43023EDA139000ABB13 /* Image */,
				4FE7F43223EDA139000ABB13 /* Model */,
				4FE7F43523EDA139000ABB13 /* Sync */,
			);
			path = IO;
			sourceTree = "<group>";
		};
		4FE7F42C23EDA139000ABB13 /* Dataset */ = {
			isa = PBXGroup;
			children = (
				4FE7F42D23EDA139000ABB13 /* DatasetReader.swift */,
				4FE7F42E23EDA139000ABB13 /* MNISTReader.swift */,
				4FE7F42F23EDA139000ABB13 /* Cifar10Reader.swift */,
			);
			path = Dataset;
			sourceTree = "<group>";
		};
		4FE7F43023EDA139000ABB13 /* Image */ = {
			isa = PBXGroup;
			children = (
				4FE7F43123EDA139000ABB13 /* ImageReader.swift */,
			);
			path = Image;
			sourceTree = "<group>";
		};
		4FE7F43223EDA139000ABB13 /* Model */ = {
			isa = PBXGroup;
			children = (
				4FE7F43323EDA139000ABB13 /* ModelStorage.swift */,
				4FE7F43423EDA139000ABB13 /* Storagable.swift */,
			);
			path = Model;
			sourceTree = "<group>";
		};
		4FE7F43523EDA139000ABB13 /* Sync */ = {
			isa = PBXGroup;
			children = (
				4FE7F43623EDA139000ABB13 /* ThreadPool.swift */,
				4FE7F43723EDA139000ABB13 /* AutoRunner.swift */,
			);
			path = Sync;
			sourceTree = "<group>";
		};
		4FE7F43823EDA139000ABB13 /* Data Struct */ = {
			isa = PBXGroup;
			children = (
				4FE7F43923EDA139000ABB13 /* NNArray.swift */,
				4FE7F43A23EDA139000ABB13 /* NormalRandom.swift */,
				4FE7F43B23EDA139000ABB13 /* LLVector.swift */,
			);
			path = "Data Struct";
			sourceTree = "<group>";
		};
		4FE7F43C23EDA139000ABB13 /* forwardable */ = {
			isa = PBXGroup;
			children = (
				4FE7F43D23EDA139000ABB13 /* Forwardable.swift */,
				4FE7F43E23EDA139000ABB13 /* Container */,
				4FE7F44223EDA139000ABB13 /* Layer */,
			);
			path = forwardable;
			sourceTree = "<group>";
		};
		4FE7F43E23EDA139000ABB13 /* Container */ = {
			isa = PBXGroup;
			children = (
				4FE7F43F23EDA139000ABB13 /* BaseContainer.swift */,
				4FE7F44023EDA139000ABB13 /* Sequential.swift */,
				4FE7F44123EDA139000ABB13 /* Container.swift */,
			);
			path = Container;
			sourceTree = "<group>";
		};
		4FE7F44223EDA139000ABB13 /* Layer */ = {
			isa = PBXGroup;
			children = (
				4FE7F44723EDA139000ABB13 /* BaseLayer.swift */,
				4FE7F44323EDA139000ABB13 /* Dense */,
				4FE7F44823EDA139000ABB13 /* Conv */,
				4FE7F44C23EDA139000ABB13 /* ReLU */,
				4FE7F45023EDA139000ABB13 /* Pool */,
				4FE7F45A23EDA139000ABB13 /* Layer.swift */,
			);
			path = Layer;
			sourceTree = "<group>";
		};
		4FE7F44323EDA139000ABB13 /* Dense */ = {
			isa = PBXGroup;
			children = (
				4FE7F44423EDA139000ABB13 /* dense_m.metal */,
				4FE7F44523EDA139000ABB13 /* Dense.swift */,
				4FE7F44623EDA139000ABB13 /* Dense+Metal.swift */,
			);
			path = Dense;
			sourceTree = "<group>";
		};
		4FE7F44823EDA139000ABB13 /* Conv */ = {
			isa = PBXGroup;
			children = (
				4FE7F44923EDA139000ABB13 /* Conv.swift */,
				4FE7F44A23EDA139000ABB13 /* Conv+Metal.swift */,
				4FE7F44B23EDA139000ABB13 /* conv_m.metal */,
			);
			path = Conv;
			sourceTree = "<group>";
		};
		4FE7F44C23EDA139000ABB13 /* ReLU */ = {
			isa = PBXGroup;
			children = (
				4FE7F44D23EDA139000ABB13 /* relu_m.metal */,
				4FE7F44E23EDA139000ABB13 /* ReLU+Metal.swift */,
				4FE7F44F23EDA139000ABB13 /* ReLU.swift */,
			);
			path = ReLU;
			sourceTree = "<group>";
		};
		4FE7F45023EDA139000ABB13 /* Pool */ = {
			isa = PBXGroup;
			children = (
				4FE7F45123EDA139000ABB13 /* MaxPool */,
				4FE7F45523EDA139000ABB13 /* BasePool.swift */,
				4FE7F45623EDA139000ABB13 /* AveragePool */,
			);
			path = Pool;
			sourceTree = "<group>";
		};
		4FE7F45123EDA139000ABB13 /* MaxPool */ = {
			isa = PBXGroup;
			children = (
				4FE7F45223EDA139000ABB13 /* maxpool_m.metal */,
				4FE7F45323EDA139000ABB13 /* MaxPool.swift */,
				4FE7F45423EDA139000ABB13 /* MaxPool+Metal.swift */,
			);
			path = MaxPool;
			sourceTree = "<group>";
		};
		4FE7F45623EDA139000ABB13 /* AveragePool */ = {
			isa = PBXGroup;
			children = (
				4FE7F45723EDA139000ABB13 /* AveragePool.swift */,
				4FE7F45823EDA139000ABB13 /* AveragePool+Metal.swift */,
				4FE7F45923EDA139000ABB13 /* averagepool_m.metal */,
			);
			path = AveragePool;
			sourceTree = "<group>";
		};
/* End PBXGroup section */

/* Begin PBXNativeTarget section */
		4FDB9DC423EB202900FC717D /* nn-playground */ = {
			isa = PBXNativeTarget;
			buildConfigurationList = 4FDB9DD923EB202F00FC717D /* Build configuration list for PBXNativeTarget "nn-playground" */;
			buildPhases = (
				4FDB9DC123EB202900FC717D /* Sources */,
				4FDB9DC223EB202900FC717D /* Frameworks */,
				4FDB9DC323EB202900FC717D /* Resources */,
			);
			buildRules = (
			);
			dependencies = (
			);
			name = "nn-playground";
			productName = "nn-playground";
			productReference = 4FDB9DC523EB202900FC717D /* nn-playground.app */;
			productType = "com.apple.product-type.application";
		};
/* End PBXNativeTarget section */

/* Begin PBXProject section */
		4FDB9DBD23EB202800FC717D /* Project object */ = {
			isa = PBXProject;
			attributes = {
				LastSwiftUpdateCheck = 1130;
				LastUpgradeCheck = 1130;
				ORGANIZATIONNAME = Liuliet.Lee;
				TargetAttributes = {
					4FDB9DC423EB202900FC717D = {
						CreatedOnToolsVersion = 11.3.1;
					};
				};
			};
			buildConfigurationList = 4FDB9DC023EB202800FC717D /* Build configuration list for PBXProject "nn-playground" */;
			compatibilityVersion = "Xcode 9.3";
			developmentRegion = en;
			hasScannedForEncodings = 0;
			knownRegions = (
				en,
				Base,
			);
			mainGroup = 4FDB9DBC23EB202800FC717D;
			productRefGroup = 4FDB9DC623EB202900FC717D /* Products */;
			projectDirPath = "";
			projectRoot = "";
			targets = (
				4FDB9DC423EB202900FC717D /* nn-playground */,
			);
		};
/* End PBXProject section */

/* Begin PBXResourcesBuildPhase section */
		4FDB9DC323EB202900FC717D /* Resources */ = {
			isa = PBXResourcesBuildPhase;
			buildActionMask = 2147483647;
			files = (
				4FDB9DD523EB202F00FC717D /* LaunchScreen.storyboard in Resources */,
				4FDB9DD223EB202F00FC717D /* Assets.xcassets in Resources */,
				4FDB9DD023EB202900FC717D /* Main.storyboard in Resources */,
			);
			runOnlyForDeploymentPostprocessing = 0;
		};
/* End PBXResourcesBuildPhase section */

/* Begin PBXSourcesBuildPhase section */
		4FDB9DC123EB202900FC717D /* Sources */ = {
			isa = PBXSourcesBuildPhase;
			buildActionMask = 2147483647;
			files = (
				4FE7F46523EDA139000ABB13 /* ImageReader.swift in Sources */,
				4FE7F47223EDA139000ABB13 /* Dense.swift in Sources */,
				4FE7F47D23EDA139000ABB13 /* MaxPool+Metal.swift in Sources */,
				4FE7F48223EDA139000ABB13 /* Layer.swift in Sources */,
				4FE7F47523EDA139000ABB13 /* Conv.swift in Sources */,
				4FC0063B23EEC1340043575E /* SDense.swift in Sources */,
				4FDB9DCD23EB202900FC717D /* ViewController.swift in Sources */,
				4FE7F46D23EDA139000ABB13 /* Forwardable.swift in Sources */,
				4FE7F47123EDA139000ABB13 /* dense_m.metal in Sources */,
				4FE7F46F23EDA139000ABB13 /* Sequential.swift in Sources */,
				4FE7F46023EDA139000ABB13 /* metal_utils.metal in Sources */,
				4FE7F46623EDA139000ABB13 /* ModelStorage.swift in Sources */,
				4FDB9DDE23EB206500FC717D /* ImageGenerator.swift in Sources */,
				4FE7F47323EDA139000ABB13 /* Dense+Metal.swift in Sources */,
				4FE7F46123EDA139000ABB13 /* Core.swift in Sources */,
				4FE7F45B23EDA139000ABB13 /* d2.swift in Sources */,
				4FE7F47E23EDA139000ABB13 /* BasePool.swift in Sources */,
				4FE7F46323EDA139000ABB13 /* MNISTReader.swift in Sources */,
				4FE7F46923EDA139000ABB13 /* AutoRunner.swift in Sources */,
				4FE7F48123EDA139000ABB13 /* averagepool_m.metal in Sources */,
				4FE7F45D23EDA139000ABB13 /* Loss.swift in Sources */,
				4FE7F46823EDA139000ABB13 /* ThreadPool.swift in Sources */,
				4FE7F47F23EDA139000ABB13 /* AveragePool.swift in Sources */,
				4FE7F47823EDA139000ABB13 /* relu_m.metal in Sources */,
				4FE7F45F23EDA139000ABB13 /* Step+Metal.swift in Sources */,
				4FE7F46723EDA139000ABB13 /* Storagable.swift in Sources */,
				4FE7F46B23EDA139000ABB13 /* NormalRandom.swift in Sources */,
				4FE7F47723EDA139000ABB13 /* conv_m.metal in Sources */,
				4FE7F46223EDA139000ABB13 /* DatasetReader.swift in Sources */,
				4FE7F47423EDA139000ABB13 /* BaseLayer.swift in Sources */,
				4FDB9DC923EB202900FC717D /* AppDelegate.swift in Sources */,
				4FE7F45E23EDA139000ABB13 /* step_m.metal in Sources */,
				4FE7F48023EDA139000ABB13 /* AveragePool+Metal.swift in Sources */,
				4F1D808C23F1AE6F0035B9DE /* DataGenerator.swift in Sources */,
				4FE7F47B23EDA139000ABB13 /* maxpool_m.metal in Sources */,
				4FE7F45C23EDA139000ABB13 /* svm.swift in Sources */,
				4FE7F47C23EDA139000ABB13 /* MaxPool.swift in Sources */,
				4FE7F46C23EDA139000ABB13 /* LLVector.swift in Sources */,
				4FE7F46E23EDA139000ABB13 /* BaseContainer.swift in Sources */,
				4FE7F47923EDA139000ABB13 /* ReLU+Metal.swift in Sources */,
				4F1D808E23F1B2A10035B9DE /* Evolv.swift in Sources */,
				4FDB9DCB23EB202900FC717D /* SceneDelegate.swift in Sources */,
				4F1D808A23F1AA990035B9DE /* Transform.swift in Sources */,
				4FE7F47023EDA139000ABB13 /* Container.swift in Sources */,
				4FE7F46423EDA139000ABB13 /* Cifar10Reader.swift in Sources */,
				4FE7F47A23EDA139000ABB13 /* ReLU.swift in Sources */,
				4FE7F46A23EDA139000ABB13 /* NNArray.swift in Sources */,
				4FC0063D23EEC1400043575E /* SSequential.swift in Sources */,
				4F60303823EDB52400E10D3E /* VisualView.swift in Sources */,
				4FE7F47623EDA139000ABB13 /* Conv+Metal.swift in Sources */,
			);
			runOnlyForDeploymentPostprocessing = 0;
		};
/* End PBXSourcesBuildPhase section */

/* Begin PBXVariantGroup section */
		4FDB9DCE23EB202900FC717D /* Main.storyboard */ = {
			isa = PBXVariantGroup;
			children = (
				4FDB9DCF23EB202900FC717D /* Base */,
			);
			name = Main.storyboard;
			sourceTree = "<group>";
		};
		4FDB9DD323EB202F00FC717D /* LaunchScreen.storyboard */ = {
			isa = PBXVariantGroup;
			children = (
				4FDB9DD423EB202F00FC717D /* Base */,
			);
			name = LaunchScreen.storyboard;
			sourceTree = "<group>";
		};
/* End PBXVariantGroup section */

/* Begin XCBuildConfiguration section */
		4FDB9DD723EB202F00FC717D /* Debug */ = {
			isa = XCBuildConfiguration;
			buildSettings = {
				ALWAYS_SEARCH_USER_PATHS = NO;
				CLANG_ANALYZER_NONNULL = YES;
				CLANG_ANALYZER_NUMBER_OBJECT_CONVERSION = YES_AGGRESSIVE;
				CLANG_CXX_LANGUAGE_STANDARD = "gnu++14";
				CLANG_CXX_LIBRARY = "libc++";
				CLANG_ENABLE_MODULES = YES;
				CLANG_ENABLE_OBJC_ARC = YES;
				CLANG_ENABLE_OBJC_WEAK = YES;
				CLANG_WARN_BLOCK_CAPTURE_AUTORELEASING = YES;
				CLANG_WARN_BOOL_CONVERSION = YES;
				CLANG_WARN_COMMA = YES;
				CLANG_WARN_CONSTANT_CONVERSION = YES;
				CLANG_WARN_DEPRECATED_OBJC_IMPLEMENTATIONS = YES;
				CLANG_WARN_DIRECT_OBJC_ISA_USAGE = YES_ERROR;
				CLANG_WARN_DOCUMENTATION_COMMENTS = YES;
				CLANG_WARN_EMPTY_BODY = YES;
				CLANG_WARN_ENUM_CONVERSION = YES;
				CLANG_WARN_INFINITE_RECURSION = YES;
				CLANG_WARN_INT_CONVERSION = YES;
				CLANG_WARN_NON_LITERAL_NULL_CONVERSION = YES;
				CLANG_WARN_OBJC_IMPLICIT_RETAIN_SELF = YES;
				CLANG_WARN_OBJC_LITERAL_CONVERSION = YES;
				CLANG_WARN_OBJC_ROOT_CLASS = YES_ERROR;
				CLANG_WARN_RANGE_LOOP_ANALYSIS = YES;
				CLANG_WARN_STRICT_PROTOTYPES = YES;
				CLANG_WARN_SUSPICIOUS_MOVE = YES;
				CLANG_WARN_UNGUARDED_AVAILABILITY = YES_AGGRESSIVE;
				CLANG_WARN_UNREACHABLE_CODE = YES;
				CLANG_WARN__DUPLICATE_METHOD_MATCH = YES;
				COPY_PHASE_STRIP = NO;
				DEBUG_INFORMATION_FORMAT = dwarf;
				ENABLE_STRICT_OBJC_MSGSEND = YES;
				ENABLE_TESTABILITY = YES;
				GCC_C_LANGUAGE_STANDARD = gnu11;
				GCC_DYNAMIC_NO_PIC = NO;
				GCC_NO_COMMON_BLOCKS = YES;
				GCC_OPTIMIZATION_LEVEL = 0;
				GCC_PREPROCESSOR_DEFINITIONS = (
					"DEBUG=1",
					"$(inherited)",
				);
				GCC_WARN_64_TO_32_BIT_CONVERSION = YES;
				GCC_WARN_ABOUT_RETURN_TYPE = YES_ERROR;
				GCC_WARN_UNDECLARED_SELECTOR = YES;
				GCC_WARN_UNINITIALIZED_AUTOS = YES_AGGRESSIVE;
				GCC_WARN_UNUSED_FUNCTION = YES;
				GCC_WARN_UNUSED_VARIABLE = YES;
				IPHONEOS_DEPLOYMENT_TARGET = 13.2;
				MTL_ENABLE_DEBUG_INFO = INCLUDE_SOURCE;
				MTL_FAST_MATH = YES;
				ONLY_ACTIVE_ARCH = YES;
				SDKROOT = iphoneos;
				SWIFT_ACTIVE_COMPILATION_CONDITIONS = DEBUG;
				SWIFT_OPTIMIZATION_LEVEL = "-Onone";
			};
			name = Debug;
		};
		4FDB9DD823EB202F00FC717D /* Release */ = {
			isa = XCBuildConfiguration;
			buildSettings = {
				ALWAYS_SEARCH_USER_PATHS = NO;
				CLANG_ANALYZER_NONNULL = YES;
				CLANG_ANALYZER_NUMBER_OBJECT_CONVERSION = YES_AGGRESSIVE;
				CLANG_CXX_LANGUAGE_STANDARD = "gnu++14";
				CLANG_CXX_LIBRARY = "libc++";
				CLANG_ENABLE_MODULES = YES;
				CLANG_ENABLE_OBJC_ARC = YES;
				CLANG_ENABLE_OBJC_WEAK = YES;
				CLANG_WARN_BLOCK_CAPTURE_AUTORELEASING = YES;
				CLANG_WARN_BOOL_CONVERSION = YES;
				CLANG_WARN_COMMA = YES;
				CLANG_WARN_CONSTANT_CONVERSION = YES;
				CLANG_WARN_DEPRECATED_OBJC_IMPLEMENTATIONS = YES;
				CLANG_WARN_DIRECT_OBJC_ISA_USAGE = YES_ERROR;
				CLANG_WARN_DOCUMENTATION_COMMENTS = YES;
				CLANG_WARN_EMPTY_BODY = YES;
				CLANG_WARN_ENUM_CONVERSION = YES;
				CLANG_WARN_INFINITE_RECURSION = YES;
				CLANG_WARN_INT_CONVERSION = YES;
				CLANG_WARN_NON_LITERAL_NULL_CONVERSION = YES;
				CLANG_WARN_OBJC_IMPLICIT_RETAIN_SELF = YES;
				CLANG_WARN_OBJC_LITERAL_CONVERSION = YES;
				CLANG_WARN_OBJC_ROOT_CLASS = YES_ERROR;
				CLANG_WARN_RANGE_LOOP_ANALYSIS = YES;
				CLANG_WARN_STRICT_PROTOTYPES = YES;
				CLANG_WARN_SUSPICIOUS_MOVE = YES;
				CLANG_WARN_UNGUARDED_AVAILABILITY = YES_AGGRESSIVE;
				CLANG_WARN_UNREACHABLE_CODE = YES;
				CLANG_WARN__DUPLICATE_METHOD_MATCH = YES;
				COPY_PHASE_STRIP = NO;
				DEBUG_INFORMATION_FORMAT = "dwarf-with-dsym";
				ENABLE_NS_ASSERTIONS = NO;
				ENABLE_STRICT_OBJC_MSGSEND = YES;
				GCC_C_LANGUAGE_STANDARD = gnu11;
				GCC_NO_COMMON_BLOCKS = YES;
				GCC_WARN_64_TO_32_BIT_CONVERSION = YES;
				GCC_WARN_ABOUT_RETURN_TYPE = YES_ERROR;
				GCC_WARN_UNDECLARED_SELECTOR = YES;
				GCC_WARN_UNINITIALIZED_AUTOS = YES_AGGRESSIVE;
				GCC_WARN_UNUSED_FUNCTION = YES;
				GCC_WARN_UNUSED_VARIABLE = YES;
				IPHONEOS_DEPLOYMENT_TARGET = 13.2;
				MTL_ENABLE_DEBUG_INFO = NO;
				MTL_FAST_MATH = YES;
				SDKROOT = iphoneos;
				SWIFT_COMPILATION_MODE = wholemodule;
				SWIFT_OPTIMIZATION_LEVEL = "-O";
				VALIDATE_PRODUCT = YES;
			};
			name = Release;
		};
		4FDB9DDA23EB202F00FC717D /* Debug */ = {
			isa = XCBuildConfiguration;
			buildSettings = {
				ASSETCATALOG_COMPILER_APPICON_NAME = AppIcon;
				CODE_SIGN_STYLE = Automatic;
				DEVELOPMENT_TEAM = 54YMT4F4W9;
				INFOPLIST_FILE = "nn-playground/Info.plist";
				LD_RUNPATH_SEARCH_PATHS = (
					"$(inherited)",
					"@executable_path/Frameworks",
				);
				PRODUCT_BUNDLE_IDENTIFIER = "com.future-code-institute.nn-playground";
				PRODUCT_NAME = "$(TARGET_NAME)";
				SWIFT_VERSION = 5.0;
				TARGETED_DEVICE_FAMILY = "1,2";
			};
			name = Debug;
		};
		4FDB9DDB23EB202F00FC717D /* Release */ = {
			isa = XCBuildConfiguration;
			buildSettings = {
				ASSETCATALOG_COMPILER_APPICON_NAME = AppIcon;
				CODE_SIGN_STYLE = Automatic;
				DEVELOPMENT_TEAM = 54YMT4F4W9;
				INFOPLIST_FILE = "nn-playground/Info.plist";
				LD_RUNPATH_SEARCH_PATHS = (
					"$(inherited)",
					"@executable_path/Frameworks",
				);
				PRODUCT_BUNDLE_IDENTIFIER = "com.future-code-institute.nn-playground";
				PRODUCT_NAME = "$(TARGET_NAME)";
				SWIFT_VERSION = 5.0;
				TARGETED_DEVICE_FAMILY = "1,2";
			};
			name = Release;
		};
/* End XCBuildConfiguration section */

/* Begin XCConfigurationList section */
		4FDB9DC023EB202800FC717D /* Build configuration list for PBXProject "nn-playground" */ = {
			isa = XCConfigurationList;
			buildConfigurations = (
				4FDB9DD723EB202F00FC717D /* Debug */,
				4FDB9DD823EB202F00FC717D /* Release */,
			);
			defaultConfigurationIsVisible = 0;
			defaultConfigurationName = Release;
		};
		4FDB9DD923EB202F00FC717D /* Build configuration list for PBXNativeTarget "nn-playground" */ = {
			isa = XCConfigurationList;
			buildConfigurations = (
				4FDB9DDA23EB202F00FC717D /* Debug */,
				4FDB9DDB23EB202F00FC717D /* Release */,
			);
			defaultConfigurationIsVisible = 0;
			defaultConfigurationName = Release;
		};
/* End XCConfigurationList section */
	};
	rootObject = 4FDB9DBD23EB202800FC717D /* Project object */;
}
